
Microsoft Visual Studio Solution File, Format Version 12.00
# Visual Studio Version 17
VisualStudioVersion = 17.5.002.0
MinimumVisualStudioVersion = 10.0.40219.1
Project("{9A19103F-16F7-4668-BE54-9A1E7A4F7556}") = "MarketAPI", "MarketAPI.csproj", "{4C73489D-D516-499B-805A-F5AC9265C9EE}"
EndProject
Global
	GlobalSection(SolutionConfigurationPlatforms) = preSolution
		Debug|Any CPU = Debug|Any CPU
		Release|Any CPU = Release|Any CPU
	EndGlobalSection
	GlobalSection(ProjectConfigurationPlatforms) = postSolution
		{4C73489D-D516-499B-805A-F5AC9265C9EE}.Debug|Any CPU.ActiveCfg = Debug|Any CPU
		{4C73489D-D516-499B-805A-F5AC9265C9EE}.Debug|Any CPU.Build.0 = Debug|Any CPU
		{4C73489D-D516-499B-805A-F5AC9265C9EE}.Release|Any CPU.ActiveCfg = Release|Any CPU
		{4C73489D-D516-499B-805A-F5AC9265C9EE}.Release|Any CPU.Build.0 = Release|Any CPU
	EndGlobalSection
	GlobalSection(SolutionProperties) = preSolution
		HideSolutionNode = FALSE
	EndGlobalSection
	GlobalSection(ExtensibilityGlobals) = postSolution
		SolutionGuid = {C8A53541-FC7B-432C-A9BA-72C5F581A74B}
	EndGlobalSection
EndGlobal
